PODS:
  - Flutter (1.0.0)
  - ObjectBox (5.2.0)
  - objectbox_flutter_libs (0.0.1):
    - Flutter
    - ObjectBox (= 5.2.0)
  - quick_actions_ios (0.0.1):
    - Flutter

DEPENDENCIES:
  - Flutter (from `Flutter`)
  - objectbox_flutter_libs (from `.symlinks/plugins/objectbox_flutter_libs/ios`)
  - quick_actions_ios (from `.symlinks/plugins/quick_actions_ios/ios`)

SPEC REPOS:
  trunk:
    - ObjectBox

EXTERNAL SOURCES:
  Flutter:
    :path: Flutter
  objectbox_flutter_libs:
    :path: ".symlinks/plugins/objectbox_flutter_libs/ios"
  quick_actions_ios:
    :path: ".symlinks/plugins/quick_actions_ios/ios"

SPEC CHECKSUMS:
  Flutter: cabc95a1d2626b1b06e7179b784ebcf0c0cde467
  ObjectBox: 946c1e8586aaa61e21b6661bab4948d06fdd51c4
  objectbox_flutter_libs: 4d609454f39d002fc850b3019e180fc4760cdf36
  quick_actions_ios: 500fcc11711d9f646739093395c4ae8eec25f779

PODFILE CHECKSUM: 3c63482e143d1b91d2d2560aee9fb04ecc74ac7e

COCOAPODS: 1.16.2
